
Microsoft Visual Studio Solution File, Format Version 12.00
# Visual Studio Version 17
VisualStudioVersion = 17.9.34607.119
MinimumVisualStudioVersion = 10.0.40219.1
Project("{54435603-DBB4-11D2-8724-00A0C9A8B90C}") = "InstallerProject", "InstallerProject\InstallerProject.vdproj", "{8FC723B1-F0A7-4B55-A265-90E7210C8ABF}"
EndProject
Project("{9A19103F-16F7-4668-BE54-9A1E7A4F7556}") = "WpfSandbox", "WpfSandbox\WpfSandbox.csproj", "{E6B20DC0-ED5F-4CC9-BE62-EF40F8BF94D7}"
EndProject
Global
	GlobalSection(SolutionConfigurationPlatforms) = preSolution
		Debug|x64 = Debug|x64
		Release|x64 = Release|x64
	EndGlobalSection
	GlobalSection(ProjectConfigurationPlatforms) = postSolution
		{8FC723B1-F0A7-4B55-A265-90E7210C8ABF}.Debug|x64.ActiveCfg = Debug
		{8FC723B1-F0A7-4B55-A265-90E7210C8ABF}.Debug|x64.Build.0 = Debug
		{8FC723B1-F0A7-4B55-A265-90E7210C8ABF}.Release|x64.ActiveCfg = Release
		{8FC723B1-F0A7-4B55-A265-90E7210C8ABF}.Release|x64.Build.0 = Release
		{E6B20DC0-ED5F-4CC9-BE62-EF40F8BF94D7}.Debug|x64.ActiveCfg = Debug|x64
		{E6B20DC0-ED5F-4CC9-BE62-EF40F8BF94D7}.Debug|x64.Build.0 = Debug|x64
		{E6B20DC0-ED5F-4CC9-BE62-EF40F8BF94D7}.Release|x64.ActiveCfg = Release|x64
		{E6B20DC0-ED5F-4CC9-BE62-EF40F8BF94D7}.Release|x64.Build.0 = Release|x64
	EndGlobalSection
	GlobalSection(SolutionProperties) = preSolution
		HideSolutionNode = FALSE
	EndGlobalSection
EndGlobal
